# THIS IS AN AUTOGENERATED FILE. DO NOT EDIT THIS FILE DIRECTLY.
# yarn lockfile v1


"@types/node@^11.9.4":
  version "11.9.4"
  resolved "https://registry.npmjs.org/@types/node/-/node-11.9.4.tgz#ceb0048a546db453f6248f2d1d95e937a6f00a14"

module-alias@^2.2.0:
  version "2.2.0"
  resolved "https://registry.npmjs.org/module-alias/-/module-alias-2.2.0.tgz#a2e32275381642252bf0c51405f7a09a367479b5"
